
Microsoft Visual Studio Solution File, Format Version 12.00
# Visual Studio Version 17
VisualStudioVersion = 17.1.31911.260
MinimumVisualStudioVersion = 10.0.40219.1
Project("{778DAE3C-4631-46EA-AA77-85C1314464D9}") = "Resona", "Resona.vbproj", "{83165A75-6BF7-4BD7-85DE-F21E28C90C26}"
EndProject
Project("{FAE04EC0-301F-11D3-BF4B-00C04F79EFBC}") = "PowercfgInterface", "..\PowercfgInterface\PowercfgInterface.csproj", "{785C2881-6CC1-4BA4-8EB0-C8BE482DA74D}"
EndProject
Project("{C7167F0D-BC9F-4E6E-AFE1-012C56B48DB5}") = "PowerRingMSIX", "..\PowerRingMSIX\PowerRingMSIX.wapproj", "{3206C000-67B7-43C4-A22E-BADEA107943B}"
EndProject
Global
	GlobalSection(SolutionConfigurationPlatforms) = preSolution
		Debug|Any CPU = Debug|Any CPU
		Debug|ARM = Debug|ARM
		Debug|ARM64 = Debug|ARM64
		Debug|x64 = Debug|x64
		Debug|x86 = Debug|x86
		Release|Any CPU = Release|Any CPU
		Release|ARM = Release|ARM
		Release|ARM64 = Release|ARM64
		Release|x64 = Release|x64
		Release|x86 = Release|x86
	EndGlobalSection
	GlobalSection(ProjectConfigurationPlatforms) = postSolution
		{83165A75-6BF7-4BD7-85DE-F21E28C90C26}.Debug|Any CPU.ActiveCfg = Debug|x64
		{83165A75-6BF7-4BD7-85DE-F21E28C90C26}.Debug|ARM.ActiveCfg = Debug|x64
		{83165A75-6BF7-4BD7-85DE-F21E28C90C26}.Debug|ARM.Build.0 = Debug|x64
		{83165A75-6BF7-4BD7-85DE-F21E28C90C26}.Debug|ARM64.ActiveCfg = Debug|x64
		{83165A75-6BF7-4BD7-85DE-F21E28C90C26}.Debug|ARM64.Build.0 = Debug|x64
		{83165A75-6BF7-4BD7-85DE-F21E28C90C26}.Debug|x64.ActiveCfg = Debug|x64
		{83165A75-6BF7-4BD7-85DE-F21E28C90C26}.Debug|x64.Build.0 = Debug|x64
		{83165A75-6BF7-4BD7-85DE-F21E28C90C26}.Debug|x86.ActiveCfg = Debug|x64
		{83165A75-6BF7-4BD7-85DE-F21E28C90C26}.Debug|x86.Build.0 = Debug|x64
		{83165A75-6BF7-4BD7-85DE-F21E28C90C26}.Release|Any CPU.ActiveCfg = Release|x64
		{83165A75-6BF7-4BD7-85DE-F21E28C90C26}.Release|ARM.ActiveCfg = Release|x64
		{83165A75-6BF7-4BD7-85DE-F21E28C90C26}.Release|ARM.Build.0 = Release|x64
		{83165A75-6BF7-4BD7-85DE-F21E28C90C26}.Release|ARM64.ActiveCfg = Release|x64
		{83165A75-6BF7-4BD7-85DE-F21E28C90C26}.Release|ARM64.Build.0 = Release|x64
		{83165A75-6BF7-4BD7-85DE-F21E28C90C26}.Release|x64.ActiveCfg = Release|x64
		{83165A75-6BF7-4BD7-85DE-F21E28C90C26}.Release|x64.Build.0 = Release|x64
		{83165A75-6BF7-4BD7-85DE-F21E28C90C26}.Release|x86.ActiveCfg = Release|x64
		{83165A75-6BF7-4BD7-85DE-F21E28C90C26}.Release|x86.Build.0 = Release|x64
		{785C2881-6CC1-4BA4-8EB0-C8BE482DA74D}.Debug|Any CPU.ActiveCfg = Debug|Any CPU
		{785C2881-6CC1-4BA4-8EB0-C8BE482DA74D}.Debug|Any CPU.Build.0 = Debug|Any CPU
		{785C2881-6CC1-4BA4-8EB0-C8BE482DA74D}.Debug|ARM.ActiveCfg = Debug|Any CPU
		{785C2881-6CC1-4BA4-8EB0-C8BE482DA74D}.Debug|ARM.Build.0 = Debug|Any CPU
		{785C2881-6CC1-4BA4-8EB0-C8BE482DA74D}.Debug|ARM64.ActiveCfg = Debug|Any CPU
		{785C2881-6CC1-4BA4-8EB0-C8BE482DA74D}.Debug|ARM64.Build.0 = Debug|Any CPU
		{785C2881-6CC1-4BA4-8EB0-C8BE482DA74D}.Debug|x64.ActiveCfg = Debug|Any CPU
		{785C2881-6CC1-4BA4-8EB0-C8BE482DA74D}.Debug|x64.Build.0 = Debug|Any CPU
		{785C2881-6CC1-4BA4-8EB0-C8BE482DA74D}.Debug|x86.ActiveCfg = Debug|Any CPU
		{785C2881-6CC1-4BA4-8EB0-C8BE482DA74D}.Debug|x86.Build.0 = Debug|Any CPU
		{785C2881-6CC1-4BA4-8EB0-C8BE482DA74D}.Release|Any CPU.ActiveCfg = Release|Any CPU
		{785C2881-6CC1-4BA4-8EB0-C8BE482DA74D}.Release|Any CPU.Build.0 = Release|Any CPU
		{785C2881-6CC1-4BA4-8EB0-C8BE482DA74D}.Release|ARM.ActiveCfg = Release|Any CPU
		{785C2881-6CC1-4BA4-8EB0-C8BE482DA74D}.Release|ARM.Build.0 = Release|Any CPU
		{785C2881-6CC1-4BA4-8EB0-C8BE482DA74D}.Release|ARM64.ActiveCfg = Release|Any CPU
		{785C2881-6CC1-4BA4-8EB0-C8BE482DA74D}.Release|ARM64.Build.0 = Release|Any CPU
		{785C2881-6CC1-4BA4-8EB0-C8BE482DA74D}.Release|x64.ActiveCfg = Release|Any CPU
		{785C2881-6CC1-4BA4-8EB0-C8BE482DA74D}.Release|x64.Build.0 = Release|Any CPU
		{785C2881-6CC1-4BA4-8EB0-C8BE482DA74D}.Release|x86.ActiveCfg = Release|Any CPU
		{785C2881-6CC1-4BA4-8EB0-C8BE482DA74D}.Release|x86.Build.0 = Release|Any CPU
		{3206C000-67B7-43C4-A22E-BADEA107943B}.Debug|Any CPU.ActiveCfg = Debug|Any CPU
		{3206C000-67B7-43C4-A22E-BADEA107943B}.Debug|Any CPU.Build.0 = Debug|Any CPU
		{3206C000-67B7-43C4-A22E-BADEA107943B}.Debug|Any CPU.Deploy.0 = Debug|Any CPU
		{3206C000-67B7-43C4-A22E-BADEA107943B}.Debug|ARM.ActiveCfg = Debug|ARM
		{3206C000-67B7-43C4-A22E-BADEA107943B}.Debug|ARM.Build.0 = Debug|ARM
		{3206C000-67B7-43C4-A22E-BADEA107943B}.Debug|ARM.Deploy.0 = Debug|ARM
		{3206C000-67B7-43C4-A22E-BADEA107943B}.Debug|ARM64.ActiveCfg = Debug|ARM64
		{3206C000-67B7-43C4-A22E-BADEA107943B}.Debug|ARM64.Build.0 = Debug|ARM64
		{3206C000-67B7-43C4-A22E-BADEA107943B}.Debug|ARM64.Deploy.0 = Debug|ARM64
		{3206C000-67B7-43C4-A22E-BADEA107943B}.Debug|x64.ActiveCfg = Debug|x64
		{3206C000-67B7-43C4-A22E-BADEA107943B}.Debug|x86.ActiveCfg = Debug|x86
		{3206C000-67B7-43C4-A22E-BADEA107943B}.Debug|x86.Build.0 = Debug|x86
		{3206C000-67B7-43C4-A22E-BADEA107943B}.Debug|x86.Deploy.0 = Debug|x86
		{3206C000-67B7-43C4-A22E-BADEA107943B}.Release|Any CPU.ActiveCfg = Release|Any CPU
		{3206C000-67B7-43C4-A22E-BADEA107943B}.Release|Any CPU.Build.0 = Release|Any CPU
		{3206C000-67B7-43C4-A22E-BADEA107943B}.Release|Any CPU.Deploy.0 = Release|Any CPU
		{3206C000-67B7-43C4-A22E-BADEA107943B}.Release|ARM.ActiveCfg = Release|ARM
		{3206C000-67B7-43C4-A22E-BADEA107943B}.Release|ARM.Build.0 = Release|ARM
		{3206C000-67B7-43C4-A22E-BADEA107943B}.Release|ARM.Deploy.0 = Release|ARM
		{3206C000-67B7-43C4-A22E-BADEA107943B}.Release|ARM64.ActiveCfg = Release|ARM64
		{3206C000-67B7-43C4-A22E-BADEA107943B}.Release|ARM64.Build.0 = Release|ARM64
		{3206C000-67B7-43C4-A22E-BADEA107943B}.Release|ARM64.Deploy.0 = Release|ARM64
		{3206C000-67B7-43C4-A22E-BADEA107943B}.Release|x64.ActiveCfg = Release|x64
		{3206C000-67B7-43C4-A22E-BADEA107943B}.Release|x86.ActiveCfg = Release|x86
		{3206C000-67B7-43C4-A22E-BADEA107943B}.Release|x86.Build.0 = Release|x86
		{3206C000-67B7-43C4-A22E-BADEA107943B}.Release|x86.Deploy.0 = Release|x86
	EndGlobalSection
	GlobalSection(SolutionProperties) = preSolution
		HideSolutionNode = FALSE
	EndGlobalSection
	GlobalSection(ExtensibilityGlobals) = postSolution
		SolutionGuid = {7E3E1C1E-7EEE-4578-A1D8-C33AF891ADC9}
	EndGlobalSection
EndGlobal
